// !$*UTF8*$!
{
	archiveVersion = 1;
	classes = {
	};
	objectVersion = 56;
	objects = {

/* Begin PBXBuildFile section */
		BC3BAF592C4989FD002DC878 /* RandomColor.swift in Sources */ = {isa = PBXBuildFile; fileRef = BC3BAF582C4989FD002DC878 /* RandomColor.swift */; };
		BCBEE15E2C495F43000026FD /* MozzartGreekApp.swift in Sources */ = {isa = PBXBuildFile; fileRef = BCBEE15D2C495F43000026FD /* MozzartGreekApp.swift */; };
		BCBEE1622C495F46000026FD /* Assets.xcassets in Resources */ = {isa = PBXBuildFile; fileRef = BCBEE1612C495F46000026FD /* Assets.xcassets */; };
		BCBEE1652C495F46000026FD /* Preview Assets.xcassets in Resources */ = {isa = PBXBuildFile; fileRef = BCBEE1642C495F46000026FD /* Preview Assets.xcassets */; };
		BCBEE16F2C495F46000026FD /* MozzartGreekTests.swift in Sources */ = {isa = PBXBuildFile; fileRef = BCBEE16E2C495F46000026FD /* MozzartGreekTests.swift */; };
		BCBEE1792C495F46000026FD /* MozzartGreekUITests.swift in Sources */ = {isa = PBXBuildFile; fileRef = BCBEE1782C495F46000026FD /* MozzartGreekUITests.swift */; };
		BCBEE17B2C495F46000026FD /* MozzartGreekUITestsLaunchTests.swift in Sources */ = {isa = PBXBuildFile; fileRef = BCBEE17A2C495F46000026FD /* MozzartGreekUITestsLaunchTests.swift */; };
		BCBEE1892C4962E7000026FD /* GreekGamesResponse.swift in Sources */ = {isa = PBXBuildFile; fileRef = BCBEE1882C4962E7000026FD /* GreekGamesResponse.swift */; };
		BCBEE18C2C4963A9000026FD /* ApiService.swift in Sources */ = {isa = PBXBuildFile; fileRef = BCBEE18B2C4963A9000026FD /* ApiService.swift */; };
		BCBEE1902C4966DB000026FD /* GreekGamesListView.swift in Sources */ = {isa = PBXBuildFile; fileRef = BCBEE18F2C4966DB000026FD /* GreekGamesListView.swift */; };
		BCBEE1922C496717000026FD /* GreekGamesViewModel.swift in Sources */ = {isa = PBXBuildFile; fileRef = BCBEE1912C496717000026FD /* GreekGamesViewModel.swift */; };
		BCBEE1972C497544000026FD /* GameDetailsView.swift in Sources */ = {isa = PBXBuildFile; fileRef = BCBEE1962C497544000026FD /* GameDetailsView.swift */; };
		BCBEE1992C497557000026FD /* GameDetailsVIewModel.swift in Sources */ = {isa = PBXBuildFile; fileRef = BCBEE1982C497557000026FD /* GameDetailsVIewModel.swift */; };
		BCBEE19C2C4984DE000026FD /* TimeFormatter.swift in Sources */ = {isa = PBXBuildFile; fileRef = BCBEE19B2C4984DE000026FD /* TimeFormatter.swift */; };
		BCE75C812C4A7885009CFE98 /* LiveGreekWebView.swift in Sources */ = {isa = PBXBuildFile; fileRef = BCE75C802C4A7885009CFE98 /* LiveGreekWebView.swift */; };
		BCE75C842C4A7E8F009CFE98 /* TabBarView.swift in Sources */ = {isa = PBXBuildFile; fileRef = BCE75C832C4A7E8F009CFE98 /* TabBarView.swift */; };
		BCE75C872C4A86D2009CFE98 /* ResultsView.swift in Sources */ = {isa = PBXBuildFile; fileRef = BCE75C862C4A86D2009CFE98 /* ResultsView.swift */; };
		BCE75C892C4A86E6009CFE98 /* ResultsViewModel.swift in Sources */ = {isa = PBXBuildFile; fileRef = BCE75C882C4A86E6009CFE98 /* ResultsViewModel.swift */; };
		BCE75C8B2C4A8A18009CFE98 /* DrawResultsResponse.swift in Sources */ = {isa = PBXBuildFile; fileRef = BCE75C8A2C4A8A18009CFE98 /* DrawResultsResponse.swift */; };
		BCE75C8D2C4AA2F9009CFE98 /* Color.swift in Sources */ = {isa = PBXBuildFile; fileRef = BCE75C8C2C4AA2F9009CFE98 /* Color.swift */; };
/* End PBXBuildFile section */

/* Begin PBXContainerItemProxy section */
		BCBEE16B2C495F46000026FD /* PBXContainerItemProxy */ = {
			isa = PBXContainerItemProxy;
			containerPortal = BCBEE1522C495F43000026FD /* Project object */;
			proxyType = 1;
			remoteGlobalIDString = BCBEE1592C495F43000026FD;
			remoteInfo = MozzartGreek;
		};
		BCBEE1752C495F46000026FD /* PBXContainerItemProxy */ = {
			isa = PBXContainerItemProxy;
			containerPortal = BCBEE1522C495F43000026FD /* Project object */;
			proxyType = 1;
			remoteGlobalIDString = BCBEE1592C495F43000026FD;
			remoteInfo = MozzartGreek;
		};
/* End PBXContainerItemProxy section */

/* Begin PBXFileReference section */
		BC3BAF582C4989FD002DC878 /* RandomColor.swift */ = {isa = PBXFileReference; lastKnownFileType = sourcecode.swift; path = RandomColor.swift; sourceTree = "<group>"; };
		BCBEE15A2C495F43000026FD /* MozzartGreek.app */ = {isa = PBXFileReference; explicitFileType = wrapper.application; includeInIndex = 0; path = MozzartGreek.app; sourceTree = BUILT_PRODUCTS_DIR; };
		BCBEE15D2C495F43000026FD /* MozzartGreekApp.swift */ = {isa = PBXFileReference; lastKnownFileType = sourcecode.swift; path = MozzartGreekApp.swift; sourceTree = "<group>"; };
		BCBEE1612C495F46000026FD /* Assets.xcassets */ = {isa = PBXFileReference; lastKnownFileType = folder.assetcatalog; path = Assets.xcassets; sourceTree = "<group>"; };
		BCBEE1642C495F46000026FD /* Preview Assets.xcassets */ = {isa = PBXFileReference; lastKnownFileType = folder.assetcatalog; path = "Preview Assets.xcassets"; sourceTree = "<group>"; };
		BCBEE16A2C495F46000026FD /* MozzartGreekTests.xctest */ = {isa = PBXFileReference; explicitFileType = wrapper.cfbundle; includeInIndex = 0; path = MozzartGreekTests.xctest; sourceTree = BUILT_PRODUCTS_DIR; };
		BCBEE16E2C495F46000026FD /* MozzartGreekTests.swift */ = {isa = PBXFileReference; lastKnownFileType = sourcecode.swift; path = MozzartGreekTests.swift; sourceTree = "<group>"; };
		BCBEE1742C495F46000026FD /* MozzartGreekUITests.xctest */ = {isa = PBXFileReference; explicitFileType = wrapper.cfbundle; includeInIndex = 0; path = MozzartGreekUITests.xctest; sourceTree = BUILT_PRODUCTS_DIR; };
		BCBEE1782C495F46000026FD /* MozzartGreekUITests.swift */ = {isa = PBXFileReference; lastKnownFileType = sourcecode.swift; path = MozzartGreekUITests.swift; sourceTree = "<group>"; };
		BCBEE17A2C495F46000026FD /* MozzartGreekUITestsLaunchTests.swift */ = {isa = PBXFileReference; lastKnownFileType = sourcecode.swift; path = MozzartGreekUITestsLaunchTests.swift; sourceTree = "<group>"; };
		BCBEE1882C4962E7000026FD /* GreekGamesResponse.swift */ = {isa = PBXFileReference; lastKnownFileType = sourcecode.swift; path = GreekGamesResponse.swift; sourceTree = "<group>"; };
		BCBEE18B2C4963A9000026FD /* ApiService.swift */ = {isa = PBXFileReference; lastKnownFileType = sourcecode.swift; path = ApiService.swift; sourceTree = "<group>"; };
		BCBEE18F2C4966DB000026FD /* GreekGamesListView.swift */ = {isa = PBXFileReference; lastKnownFileType = sourcecode.swift; path = GreekGamesListView.swift; sourceTree = "<group>"; };
		BCBEE1912C496717000026FD /* GreekGamesViewModel.swift */ = {isa = PBXFileReference; lastKnownFileType = sourcecode.swift; path = GreekGamesViewModel.swift; sourceTree = "<group>"; };
		BCBEE1962C497544000026FD /* GameDetailsView.swift */ = {isa = PBXFileReference; lastKnownFileType = sourcecode.swift; path = GameDetailsView.swift; sourceTree = "<group>"; };
		BCBEE1982C497557000026FD /* GameDetailsVIewModel.swift */ = {isa = PBXFileReference; lastKnownFileType = sourcecode.swift; path = GameDetailsVIewModel.swift; sourceTree = "<group>"; };
		BCBEE19B2C4984DE000026FD /* TimeFormatter.swift */ = {isa = PBXFileReference; lastKnownFileType = sourcecode.swift; path = TimeFormatter.swift; sourceTree = "<group>"; };
		BCE75C802C4A7885009CFE98 /* LiveGreekWebView.swift */ = {isa = PBXFileReference; lastKnownFileType = sourcecode.swift; path = LiveGreekWebView.swift; sourceTree = "<group>"; };
		BCE75C832C4A7E8F009CFE98 /* TabBarView.swift */ = {isa = PBXFileReference; lastKnownFileType = sourcecode.swift; path = TabBarView.swift; sourceTree = "<group>"; };
		BCE75C862C4A86D2009CFE98 /* ResultsView.swift */ = {isa = PBXFileReference; lastKnownFileType = sourcecode.swift; path = ResultsView.swift; sourceTree = "<group>"; };
		BCE75C882C4A86E6009CFE98 /* ResultsViewModel.swift */ = {isa = PBXFileReference; lastKnownFileType = sourcecode.swift; path = ResultsViewModel.swift; sourceTree = "<group>"; };
		BCE75C8A2C4A8A18009CFE98 /* DrawResultsResponse.swift */ = {isa = PBXFileReference; lastKnownFileType = sourcecode.swift; path = DrawResultsResponse.swift; sourceTree = "<group>"; };
		BCE75C8C2C4AA2F9009CFE98 /* Color.swift */ = {isa = PBXFileReference; lastKnownFileType = sourcecode.swift; path = Color.swift; sourceTree = "<group>"; };
/* End PBXFileReference section */

/* Begin PBXFrameworksBuildPhase section */
		BCBEE1572C495F43000026FD /* Frameworks */ = {
			isa = PBXFrameworksBuildPhase;
			buildActionMask = 2147483647;
			files = (
			);
			runOnlyForDeploymentPostprocessing = 0;
		};
		BCBEE1672C495F46000026FD /* Frameworks */ = {
			isa = PBXFrameworksBuildPhase;
			buildActionMask = 2147483647;
			files = (
			);
			runOnlyForDeploymentPostprocessing = 0;
		};
		BCBEE1712C495F46000026FD /* Frameworks */ = {
			isa = PBXFrameworksBuildPhase;
			buildActionMask = 2147483647;
			files = (
			);
			runOnlyForDeploymentPostprocessing = 0;
		};
/* End PBXFrameworksBuildPhase section */

/* Begin PBXGroup section */
		BCBEE1512C495F43000026FD = {
			isa = PBXGroup;
			children = (
				BCBEE15C2C495F43000026FD /* MozzartGreek */,
				BCBEE16D2C495F46000026FD /* MozzartGreekTests */,
				BCBEE1772C495F46000026FD /* MozzartGreekUITests */,
				BCBEE15B2C495F43000026FD /* Products */,
			);
			sourceTree = "<group>";
		};
		BCBEE15B2C495F43000026FD /* Products */ = {
			isa = PBXGroup;
			children = (
				BCBEE15A2C495F43000026FD /* MozzartGreek.app */,
				BCBEE16A2C495F46000026FD /* MozzartGreekTests.xctest */,
				BCBEE1742C495F46000026FD /* MozzartGreekUITests.xctest */,
			);
			name = Products;
			sourceTree = "<group>";
		};
		BCBEE15C2C495F43000026FD /* MozzartGreek */ = {
			isa = PBXGroup;
			children = (
				BCBEE18D2C49666D000026FD /* Views */,
				BCBEE18A2C496391000026FD /* ApiService */,
				BCBEE1872C4962D8000026FD /* Models */,
				BCBEE15D2C495F43000026FD /* MozzartGreekApp.swift */,
				BCBEE1612C495F46000026FD /* Assets.xcassets */,
				BCBEE1632C495F46000026FD /* Preview Content */,
			);
			path = MozzartGreek;
			sourceTree = "<group>";
		};
		BCBEE1632C495F46000026FD /* Preview Content */ = {
			isa = PBXGroup;
			children = (
				BCBEE1642C495F46000026FD /* Preview Assets.xcassets */,
			);
			path = "Preview Content";
			sourceTree = "<group>";
		};
		BCBEE16D2C495F46000026FD /* MozzartGreekTests */ = {
			isa = PBXGroup;
			children = (
				BCBEE16E2C495F46000026FD /* MozzartGreekTests.swift */,
			);
			path = MozzartGreekTests;
			sourceTree = "<group>";
		};
		BCBEE1772C495F46000026FD /* MozzartGreekUITests */ = {
			isa = PBXGroup;
			children = (
				BCBEE1782C495F46000026FD /* MozzartGreekUITests.swift */,
				BCBEE17A2C495F46000026FD /* MozzartGreekUITestsLaunchTests.swift */,
			);
			path = MozzartGreekUITests;
			sourceTree = "<group>";
		};
		BCBEE1872C4962D8000026FD /* Models */ = {
			isa = PBXGroup;
			children = (
				BCBEE1882C4962E7000026FD /* GreekGamesResponse.swift */,
				BCE75C8A2C4A8A18009CFE98 /* DrawResultsResponse.swift */,
			);
			path = Models;
			sourceTree = "<group>";
		};
		BCBEE18A2C496391000026FD /* ApiService */ = {
			isa = PBXGroup;
			children = (
				BCBEE18B2C4963A9000026FD /* ApiService.swift */,
			);
			path = ApiService;
			sourceTree = "<group>";
		};
		BCBEE18D2C49666D000026FD /* Views */ = {
			isa = PBXGroup;
			children = (
				BCBEE19A2C4984B3000026FD /* Utils */,
				BCE75C822C4A7E68009CFE98 /* TabBar */,
				BCE75C852C4A86B4009CFE98 /* ResultsView */,
				BCE75C7F2C4A7779009CFE98 /* LiveGreekWebView */,
				BCBEE1932C4974F5000026FD /* GameDetailsView */,
				BCBEE18E2C49669C000026FD /* GreekGamesListView */,
			);
			path = Views;
			sourceTree = "<group>";
		};
		BCBEE18E2C49669C000026FD /* GreekGamesListView */ = {
			isa = PBXGroup;
			children = (
				BCBEE18F2C4966DB000026FD /* GreekGamesListView.swift */,
				BCBEE1912C496717000026FD /* GreekGamesViewModel.swift */,
			);
			path = GreekGamesListView;
			sourceTree = "<group>";
		};
		BCBEE1932C4974F5000026FD /* GameDetailsView */ = {
			isa = PBXGroup;
			children = (
				BCBEE1962C497544000026FD /* GameDetailsView.swift */,
				BCBEE1982C497557000026FD /* GameDetailsVIewModel.swift */,
			);
			path = GameDetailsView;
			sourceTree = "<group>";
		};
		BCBEE19A2C4984B3000026FD /* Utils */ = {
			isa = PBXGroup;
			children = (
				BCBEE19B2C4984DE000026FD /* TimeFormatter.swift */,
				BC3BAF582C4989FD002DC878 /* RandomColor.swift */,
				BCE75C8C2C4AA2F9009CFE98 /* Color.swift */,
			);
			path = Utils;
			sourceTree = "<group>";
		};
		BCE75C7F2C4A7779009CFE98 /* LiveGreekWebView */ = {
			isa = PBXGroup;
			children = (
				BCE75C802C4A7885009CFE98 /* LiveGreekWebView.swift */,
			);
			path = LiveGreekWebView;
			sourceTree = "<group>";
		};
		BCE75C822C4A7E68009CFE98 /* TabBar */ = {
			isa = PBXGroup;
			children = (
				BCE75C832C4A7E8F009CFE98 /* TabBarView.swift */,
			);
			path = TabBar;
			sourceTree = "<group>";
		};
		BCE75C852C4A86B4009CFE98 /* ResultsView */ = {
			isa = PBXGroup;
			children = (
				BCE75C862C4A86D2009CFE98 /* ResultsView.swift */,
				BCE75C882C4A86E6009CFE98 /* ResultsViewModel.swift */,
			);
			path = ResultsView;
			sourceTree = "<group>";
		};
/* End PBXGroup section */

/* Begin PBXNativeTarget section */
		BCBEE1592C495F43000026FD /* MozzartGreek */ = {
			isa = PBXNativeTarget;
			buildConfigurationList = BCBEE17E2C495F46000026FD /* Build configuration list for PBXNativeTarget "MozzartGreek" */;
			buildPhases = (
				BCBEE1562C495F43000026FD /* Sources */,
				BCBEE1572C495F43000026FD /* Frameworks */,
				BCBEE1582C495F43000026FD /* Resources */,
			);
			buildRules = (
			);
			dependencies = (
			);
			name = MozzartGreek;
			productName = MozzartGreek;
			productReference = BCBEE15A2C495F43000026FD /* MozzartGreek.app */;
			productType = "com.apple.product-type.application";
		};
		BCBEE1692C495F46000026FD /* MozzartGreekTests */ = {
			isa = PBXNativeTarget;
			buildConfigurationList = BCBEE1812C495F46000026FD /* Build configuration list for PBXNativeTarget "MozzartGreekTests" */;
			buildPhases = (
				BCBEE1662C495F46000026FD /* Sources */,
				BCBEE1672C495F46000026FD /* Frameworks */,
				BCBEE1682C495F46000026FD /* Resources */,
			);
			buildRules = (
			);
			dependencies = (
				BCBEE16C2C495F46000026FD /* PBXTargetDependency */,
			);
			name = MozzartGreekTests;
			productName = MozzartGreekTests;
			productReference = BCBEE16A2C495F46000026FD /* MozzartGreekTests.xctest */;
			productType = "com.apple.product-type.bundle.unit-test";
		};
		BCBEE1732C495F46000026FD /* MozzartGreekUITests */ = {
			isa = PBXNativeTarget;
			buildConfigurationList = BCBEE1842C495F46000026FD /* Build configuration list for PBXNativeTarget "MozzartGreekUITests" */;
			buildPhases = (
				BCBEE1702C495F46000026FD /* Sources */,
				BCBEE1712C495F46000026FD /* Frameworks */,
				BCBEE1722C495F46000026FD /* Resources */,
			);
			buildRules = (
			);
			dependencies = (
				BCBEE1762C495F46000026FD /* PBXTargetDependency */,
			);
			name = MozzartGreekUITests;
			productName = MozzartGreekUITests;
			productReference = BCBEE1742C495F46000026FD /* MozzartGreekUITests.xctest */;
			productType = "com.apple.product-type.bundle.ui-testing";
		};
/* End PBXNativeTarget section */

/* Begin PBXProject section */
		BCBEE1522C495F43000026FD /* Project object */ = {
			isa = PBXProject;
			attributes = {
				BuildIndependentTargetsInParallel = 1;
				LastSwiftUpdateCheck = 1420;
				LastUpgradeCheck = 1420;
				TargetAttributes = {
					BCBEE1592C495F43000026FD = {
						CreatedOnToolsVersion = 14.2;
					};
					BCBEE1692C495F46000026FD = {
						CreatedOnToolsVersion = 14.2;
						TestTargetID = BCBEE1592C495F43000026FD;
					};
					BCBEE1732C495F46000026FD = {
						CreatedOnToolsVersion = 14.2;
						TestTargetID = BCBEE1592C495F43000026FD;
					};
				};
			};
			buildConfigurationList = BCBEE1552C495F43000026FD /* Build configuration list for PBXProject "MozzartGreek" */;
			compatibilityVersion = "Xcode 14.0";
			developmentRegion = en;
			hasScannedForEncodings = 0;
			knownRegions = (
				en,
				Base,
			);
			mainGroup = BCBEE1512C495F43000026FD;
			productRefGroup = BCBEE15B2C495F43000026FD /* Products */;
			projectDirPath = "";
			projectRoot = "";
			targets = (
				BCBEE1592C495F43000026FD /* MozzartGreek */,
				BCBEE1692C495F46000026FD /* MozzartGreekTests */,
				BCBEE1732C495F46000026FD /* MozzartGreekUITests */,
			);
		};
/* End PBXProject section */

/* Begin PBXResourcesBuildPhase section */
		BCBEE1582C495F43000026FD /* Resources */ = {
			isa = PBXResourcesBuildPhase;
			buildActionMask = 2147483647;
			files = (
				BCBEE1652C495F46000026FD /* Preview Assets.xcassets in Resources */,
				BCBEE1622C495F46000026FD /* Assets.xcassets in Resources */,
			);
			runOnlyForDeploymentPostprocessing = 0;
		};
		BCBEE1682C495F46000026FD /* Resources */ = {
			isa = PBXResourcesBuildPhase;
			buildActionMask = 2147483647;
			files = (
			);
			runOnlyForDeploymentPostprocessing = 0;
		};
		BCBEE1722C495F46000026FD /* Resources */ = {
			isa = PBXResourcesBuildPhase;
			buildActionMask = 2147483647;
			files = (
			);
			runOnlyForDeploymentPostprocessing = 0;
		};
/* End PBXResourcesBuildPhase section */

/* Begin PBXSourcesBuildPhase section */
		BCBEE1562C495F43000026FD /* Sources */ = {
			isa = PBXSourcesBuildPhase;
			buildActionMask = 2147483647;
			files = (
				BCE75C812C4A7885009CFE98 /* LiveGreekWebView.swift in Sources */,
				BCE75C872C4A86D2009CFE98 /* ResultsView.swift in Sources */,
				BCE75C842C4A7E8F009CFE98 /* TabBarView.swift in Sources */,
				BCBEE15E2C495F43000026FD /* MozzartGreekApp.swift in Sources */,
				BCBEE19C2C4984DE000026FD /* TimeFormatter.swift in Sources */,
				BCBEE1972C497544000026FD /* GameDetailsView.swift in Sources */,
				BCBEE1992C497557000026FD /* GameDetailsVIewModel.swift in Sources */,
				BCE75C8B2C4A8A18009CFE98 /* DrawResultsResponse.swift in Sources */,
				BCE75C8D2C4AA2F9009CFE98 /* Color.swift in Sources */,
				BC3BAF592C4989FD002DC878 /* RandomColor.swift in Sources */,
				BCBEE1902C4966DB000026FD /* GreekGamesListView.swift in Sources */,
				BCBEE18C2C4963A9000026FD /* ApiService.swift in Sources */,
				BCE75C892C4A86E6009CFE98 /* ResultsViewModel.swift in Sources */,
				BCBEE1892C4962E7000026FD /* GreekGamesResponse.swift in Sources */,
				BCBEE1922C496717000026FD /* GreekGamesViewModel.swift in Sources */,
			);
			runOnlyForDeploymentPostprocessing = 0;
		};
		BCBEE1662C495F46000026FD /* Sources */ = {
			isa = PBXSourcesBuildPhase;
			buildActionMask = 2147483647;
			files = (
				BCBEE16F2C495F46000026FD /* MozzartGreekTests.swift in Sources */,
			);
			runOnlyForDeploymentPostprocessing = 0;
		};
		BCBEE1702C495F46000026FD /* Sources */ = {
			isa = PBXSourcesBuildPhase;
			buildActionMask = 2147483647;
			files = (
				BCBEE1792C495F46000026FD /* MozzartGreekUITests.swift in Sources */,
				BCBEE17B2C495F46000026FD /* MozzartGreekUITestsLaunchTests.swift in Sources */,
			);
			runOnlyForDeploymentPostprocessing = 0;
		};
/* End PBXSourcesBuildPhase section */

/* Begin PBXTargetDependency section */
		BCBEE16C2C495F46000026FD /* PBXTargetDependency */ = {
			isa = PBXTargetDependency;
			target = BCBEE1592C495F43000026FD /* MozzartGreek */;
			targetProxy = BCBEE16B2C495F46000026FD /* PBXContainerItemProxy */;
		};
		BCBEE1762C495F46000026FD /* PBXTargetDependency */ = {
			isa = PBXTargetDependency;
			target = BCBEE1592C495F43000026FD /* MozzartGreek */;
			targetProxy = BCBEE1752C495F46000026FD /* PBXContainerItemProxy */;
		};
/* End PBXTargetDependency section */

/* Begin XCBuildConfiguration section */
		BCBEE17C2C495F46000026FD /* Debug */ = {
			isa = XCBuildConfiguration;
			buildSettings = {
				ALWAYS_SEARCH_USER_PATHS = NO;
				CLANG_ANALYZER_NONNULL = YES;
				CLANG_ANALYZER_NUMBER_OBJECT_CONVERSION = YES_AGGRESSIVE;
				CLANG_CXX_LANGUAGE_STANDARD = "gnu++20";
				CLANG_ENABLE_MODULES = YES;
				CLANG_ENABLE_OBJC_ARC = YES;
				CLANG_ENABLE_OBJC_WEAK = YES;
				CLANG_WARN_BLOCK_CAPTURE_AUTORELEASING = YES;
				CLANG_WARN_BOOL_CONVERSION = YES;
				CLANG_WARN_COMMA = YES;
				CLANG_WARN_CONSTANT_CONVERSION = YES;
				CLANG_WARN_DEPRECATED_OBJC_IMPLEMENTATIONS = YES;
				CLANG_WARN_DIRECT_OBJC_ISA_USAGE = YES_ERROR;
				CLANG_WARN_DOCUMENTATION_COMMENTS = YES;
				CLANG_WARN_EMPTY_BODY = YES;
				CLANG_WARN_ENUM_CONVERSION = YES;
				CLANG_WARN_INFINITE_RECURSION = YES;
				CLANG_WARN_INT_CONVERSION = YES;
				CLANG_WARN_NON_LITERAL_NULL_CONVERSION = YES;
				CLANG_WARN_OBJC_IMPLICIT_RETAIN_SELF = YES;
				CLANG_WARN_OBJC_LITERAL_CONVERSION = YES;
				CLANG_WARN_OBJC_ROOT_CLASS = YES_ERROR;
				CLANG_WARN_QUOTED_INCLUDE_IN_FRAMEWORK_HEADER = YES;
				CLANG_WARN_RANGE_LOOP_ANALYSIS = YES;
				CLANG_WARN_STRICT_PROTOTYPES = YES;
				CLANG_WARN_SUSPICIOUS_MOVE = YES;
				CLANG_WARN_UNGUARDED_AVAILABILITY = YES_AGGRESSIVE;
				CLANG_WARN_UNREACHABLE_CODE = YES;
				CLANG_WARN__DUPLICATE_METHOD_MATCH = YES;
				COPY_PHASE_STRIP = NO;
				DEBUG_INFORMATION_FORMAT = dwarf;
				ENABLE_STRICT_OBJC_MSGSEND = YES;
				ENABLE_TESTABILITY = YES;
				GCC_C_LANGUAGE_STANDARD = gnu11;
				GCC_DYNAMIC_NO_PIC = NO;
				GCC_NO_COMMON_BLOCKS = YES;
				GCC_OPTIMIZATION_LEVEL = 0;
				GCC_PREPROCESSOR_DEFINITIONS = (
					"DEBUG=1",
					"$(inherited)",
				);
				GCC_WARN_64_TO_32_BIT_CONVERSION = YES;
				GCC_WARN_ABOUT_RETURN_TYPE = YES_ERROR;
				GCC_WARN_UNDECLARED_SELECTOR = YES;
				GCC_WARN_UNINITIALIZED_AUTOS = YES_AGGRESSIVE;
				GCC_WARN_UNUSED_FUNCTION = YES;
				GCC_WARN_UNUSED_VARIABLE = YES;
				IPHONEOS_DEPLOYMENT_TARGET = 16.2;
				MTL_ENABLE_DEBUG_INFO = INCLUDE_SOURCE;
				MTL_FAST_MATH = YES;
				ONLY_ACTIVE_ARCH = YES;
				SDKROOT = iphoneos;
				SWIFT_ACTIVE_COMPILATION_CONDITIONS = DEBUG;
				SWIFT_OPTIMIZATION_LEVEL = "-Onone";
			};
			name = Debug;
		};
		BCBEE17D2C495F46000026FD /* Release */ = {
			isa = XCBuildConfiguration;
			buildSettings = {
				ALWAYS_SEARCH_USER_PATHS = NO;
				CLANG_ANALYZER_NONNULL = YES;
				CLANG_ANALYZER_NUMBER_OBJECT_CONVERSION = YES_AGGRESSIVE;
				CLANG_CXX_LANGUAGE_STANDARD = "gnu++20";
				CLANG_ENABLE_MODULES = YES;
				CLANG_ENABLE_OBJC_ARC = YES;
				CLANG_ENABLE_OBJC_WEAK = YES;
				CLANG_WARN_BLOCK_CAPTURE_AUTORELEASING = YES;
				CLANG_WARN_BOOL_CONVERSION = YES;
				CLANG_WARN_COMMA = YES;
				CLANG_WARN_CONSTANT_CONVERSION = YES;
				CLANG_WARN_DEPRECATED_OBJC_IMPLEMENTATIONS = YES;
				CLANG_WARN_DIRECT_OBJC_ISA_USAGE = YES_ERROR;
				CLANG_WARN_DOCUMENTATION_COMMENTS = YES;
				CLANG_WARN_EMPTY_BODY = YES;
				CLANG_WARN_ENUM_CONVERSION = YES;
				CLANG_WARN_INFINITE_RECURSION = YES;
				CLANG_WARN_INT_CONVERSION = YES;
				CLANG_WARN_NON_LITERAL_NULL_CONVERSION = YES;
				CLANG_WARN_OBJC_IMPLICIT_RETAIN_SELF = YES;
				CLANG_WARN_OBJC_LITERAL_CONVERSION = YES;
				CLANG_WARN_OBJC_ROOT_CLASS = YES_ERROR;
				CLANG_WARN_QUOTED_INCLUDE_IN_FRAMEWORK_HEADER = YES;
				CLANG_WARN_RANGE_LOOP_ANALYSIS = YES;
				CLANG_WARN_STRICT_PROTOTYPES = YES;
				CLANG_WARN_SUSPICIOUS_MOVE = YES;
				CLANG_WARN_UNGUARDED_AVAILABILITY = YES_AGGRESSIVE;
				CLANG_WARN_UNREACHABLE_CODE = YES;
				CLANG_WARN__DUPLICATE_METHOD_MATCH = YES;
				COPY_PHASE_STRIP = NO;
				DEBUG_INFORMATION_FORMAT = "dwarf-with-dsym";
				ENABLE_NS_ASSERTIONS = NO;
				ENABLE_STRICT_OBJC_MSGSEND = YES;
				GCC_C_LANGUAGE_STANDARD = gnu11;
				GCC_NO_COMMON_BLOCKS = YES;
				GCC_WARN_64_TO_32_BIT_CONVERSION = YES;
				GCC_WARN_ABOUT_RETURN_TYPE = YES_ERROR;
				GCC_WARN_UNDECLARED_SELECTOR = YES;
				GCC_WARN_UNINITIALIZED_AUTOS = YES_AGGRESSIVE;
				GCC_WARN_UNUSED_FUNCTION = YES;
				GCC_WARN_UNUSED_VARIABLE = YES;
				IPHONEOS_DEPLOYMENT_TARGET = 16.2;
				MTL_ENABLE_DEBUG_INFO = NO;
				MTL_FAST_MATH = YES;
				SDKROOT = iphoneos;
				SWIFT_COMPILATION_MODE = wholemodule;
				SWIFT_OPTIMIZATION_LEVEL = "-O";
				VALIDATE_PRODUCT = YES;
			};
			name = Release;
		};
		BCBEE17F2C495F46000026FD /* Debug */ = {
			isa = XCBuildConfiguration;
			buildSettings = {
				ASSETCATALOG_COMPILER_APPICON_NAME = AppIcon;
				ASSETCATALOG_COMPILER_GLOBAL_ACCENT_COLOR_NAME = AccentColor;
				CODE_SIGN_STYLE = Automatic;
				CURRENT_PROJECT_VERSION = 1;
				DEVELOPMENT_ASSET_PATHS = "\"MozzartGreek/Preview Content\"";
				ENABLE_PREVIEWS = YES;
				GENERATE_INFOPLIST_FILE = YES;
				INFOPLIST_KEY_UIApplicationSceneManifest_Generation = YES;
				INFOPLIST_KEY_UIApplicationSupportsIndirectInputEvents = YES;
				INFOPLIST_KEY_UILaunchScreen_Generation = YES;
				INFOPLIST_KEY_UISupportedInterfaceOrientations_iPad = "UIInterfaceOrientationPortrait UIInterfaceOrientationPortraitUpsideDown UIInterfaceOrientationLandscapeLeft UIInterfaceOrientationLandscapeRight";
				INFOPLIST_KEY_UISupportedInterfaceOrientations_iPhone = "UIInterfaceOrientationPortrait UIInterfaceOrientationLandscapeLeft UIInterfaceOrientationLandscapeRight";
				LD_RUNPATH_SEARCH_PATHS = (
					"$(inherited)",
					"@executable_path/Frameworks",
				);
				MARKETING_VERSION = 1.0;
				PRODUCT_BUNDLE_IDENTIFIER = com.mozzart.djordje.MozzartGreek;
				PRODUCT_NAME = "$(TARGET_NAME)";
				SWIFT_EMIT_LOC_STRINGS = YES;
				SWIFT_VERSION = 5.0;
				TARGETED_DEVICE_FAMILY = "1,2";
			};
			name = Debug;
		};
		BCBEE1802C495F46000026FD /* Release */ = {
			isa = XCBuildConfiguration;
			buildSettings = {
				ASSETCATALOG_COMPILER_APPICON_NAME = AppIcon;
				ASSETCATALOG_COMPILER_GLOBAL_ACCENT_COLOR_NAME = AccentColor;
				CODE_SIGN_STYLE = Automatic;
				CURRENT_PROJECT_VERSION = 1;
				DEVELOPMENT_ASSET_PATHS = "\"MozzartGreek/Preview Content\"";
				ENABLE_PREVIEWS = YES;
				GENERATE_INFOPLIST_FILE = YES;
				INFOPLIST_KEY_UIApplicationSceneManifest_Generation = YES;
				INFOPLIST_KEY_UIApplicationSupportsIndirectInputEvents = YES;
				INFOPLIST_KEY_UILaunchScreen_Generation = YES;
				INFOPLIST_KEY_UISupportedInterfaceOrientations_iPad = "UIInterfaceOrientationPortrait UIInterfaceOrientationPortraitUpsideDown UIInterfaceOrientationLandscapeLeft UIInterfaceOrientationLandscapeRight";
				INFOPLIST_KEY_UISupportedInterfaceOrientations_iPhone = "UIInterfaceOrientationPortrait UIInterfaceOrientationLandscapeLeft UIInterfaceOrientationLandscapeRight";
				LD_RUNPATH_SEARCH_PATHS = (
					"$(inherited)",
					"@executable_path/Frameworks",
				);
				MARKETING_VERSION = 1.0;
				PRODUCT_BUNDLE_IDENTIFIER = com.mozzart.djordje.MozzartGreek;
				PRODUCT_NAME = "$(TARGET_NAME)";
				SWIFT_EMIT_LOC_STRINGS = YES;
				SWIFT_VERSION = 5.0;
				TARGETED_DEVICE_FAMILY = "1,2";
			};
			name = Release;
		};
		BCBEE1822C495F46000026FD /* Debug */ = {
			isa = XCBuildConfiguration;
			buildSettings = {
				ALWAYS_EMBED_SWIFT_STANDARD_LIBRARIES = YES;
				BUNDLE_LOADER = "$(TEST_HOST)";
				CODE_SIGN_STYLE = Automatic;
				CURRENT_PROJECT_VERSION = 1;
				GENERATE_INFOPLIST_FILE = YES;
				IPHONEOS_DEPLOYMENT_TARGET = 16.2;
				MARKETING_VERSION = 1.0;
				PRODUCT_BUNDLE_IDENTIFIER = com.mozzart.djordje.MozzartGreekTests;
				PRODUCT_NAME = "$(TARGET_NAME)";
				SWIFT_EMIT_LOC_STRINGS = NO;
				SWIFT_VERSION = 5.0;
				TARGETED_DEVICE_FAMILY = "1,2";
				TEST_HOST = "$(BUILT_PRODUCTS_DIR)/MozzartGreek.app/$(BUNDLE_EXECUTABLE_FOLDER_PATH)/MozzartGreek";
			};
			name = Debug;
		};
		BCBEE1832C495F46000026FD /* Release */ = {
			isa = XCBuildConfiguration;
			buildSettings = {
				ALWAYS_EMBED_SWIFT_STANDARD_LIBRARIES = YES;
				BUNDLE_LOADER = "$(TEST_HOST)";
				CODE_SIGN_STYLE = Automatic;
				CURRENT_PROJECT_VERSION = 1;
				GENERATE_INFOPLIST_FILE = YES;
				IPHONEOS_DEPLOYMENT_TARGET = 16.2;
				MARKETING_VERSION = 1.0;
				PRODUCT_BUNDLE_IDENTIFIER = com.mozzart.djordje.MozzartGreekTests;
				PRODUCT_NAME = "$(TARGET_NAME)";
				SWIFT_EMIT_LOC_STRINGS = NO;
				SWIFT_VERSION = 5.0;
				TARGETED_DEVICE_FAMILY = "1,2";
				TEST_HOST = "$(BUILT_PRODUCTS_DIR)/MozzartGreek.app/$(BUNDLE_EXECUTABLE_FOLDER_PATH)/MozzartGreek";
			};
			name = Release;
		};
		BCBEE1852C495F46000026FD /* Debug */ = {
			isa = XCBuildConfiguration;
			buildSettings = {
				ALWAYS_EMBED_SWIFT_STANDARD_LIBRARIES = YES;
				CODE_SIGN_STYLE = Automatic;
				CURRENT_PROJECT_VERSION = 1;
				GENERATE_INFOPLIST_FILE = YES;
				MARKETING_VERSION = 1.0;
				PRODUCT_BUNDLE_IDENTIFIER = com.mozzart.djordje.MozzartGreekUITests;
				PRODUCT_NAME = "$(TARGET_NAME)";
				SWIFT_EMIT_LOC_STRINGS = NO;
				SWIFT_VERSION = 5.0;
				TARGETED_DEVICE_FAMILY = "1,2";
				TEST_TARGET_NAME = MozzartGreek;
			};
			name = Debug;
		};
		BCBEE1862C495F46000026FD /* Release */ = {
			isa = XCBuildConfiguration;
			buildSettings = {
				ALWAYS_EMBED_SWIFT_STANDARD_LIBRARIES = YES;
				CODE_SIGN_STYLE = Automatic;
				CURRENT_PROJECT_VERSION = 1;
				GENERATE_INFOPLIST_FILE = YES;
				MARKETING_VERSION = 1.0;
				PRODUCT_BUNDLE_IDENTIFIER = com.mozzart.djordje.MozzartGreekUITests;
				PRODUCT_NAME = "$(TARGET_NAME)";
				SWIFT_EMIT_LOC_STRINGS = NO;
				SWIFT_VERSION = 5.0;
				TARGETED_DEVICE_FAMILY = "1,2";
				TEST_TARGET_NAME = MozzartGreek;
			};
			name = Release;
		};
/* End XCBuildConfiguration section */

/* Begin XCConfigurationList section */
		BCBEE1552C495F43000026FD /* Build configuration list for PBXProject "MozzartGreek" */ = {
			isa = XCConfigurationList;
			buildConfigurations = (
				BCBEE17C2C495F46000026FD /* Debug */,
				BCBEE17D2C495F46000026FD /* Release */,
			);
			defaultConfigurationIsVisible = 0;
			defaultConfigurationName = Release;
		};
		BCBEE17E2C495F46000026FD /* Build configuration list for PBXNativeTarget "MozzartGreek" */ = {
			isa = XCConfigurationList;
			buildConfigurations = (
				BCBEE17F2C495F46000026FD /* Debug */,
				BCBEE1802C495F46000026FD /* Release */,
			);
			defaultConfigurationIsVisible = 0;
			defaultConfigurationName = Release;
		};
		BCBEE1812C495F46000026FD /* Build configuration list for PBXNativeTarget "MozzartGreekTests" */ = {
			isa = XCConfigurationList;
			buildConfigurations = (
				BCBEE1822C495F46000026FD /* Debug */,
				BCBEE1832C495F46000026FD /* Release */,
			);
			defaultConfigurationIsVisible = 0;
			defaultConfigurationName = Release;
		};
		BCBEE1842C495F46000026FD /* Build configuration list for PBXNativeTarget "MozzartGreekUITests" */ = {
			isa = XCConfigurationList;
			buildConfigurations = (
				BCBEE1852C495F46000026FD /* Debug */,
				BCBEE1862C495F46000026FD /* Release */,
			);
			defaultConfigurationIsVisible = 0;
			defaultConfigurationName = Release;
		};
/* End XCConfigurationList section */
	};
	rootObject = BCBEE1522C495F43000026FD /* Project object */;
}
